# @generated by Move, please check-in and do not edit manually.

[move]
version = 3
manifest_digest = "C486EC5D5AF39231866569BEA7591B0EDAF687E8A8E1A70654D928A099F13E13"
deps_digest = "F8BBB0CCB2491CA29A3DF03D6F92277A4F3574266507ACD77214D37ECA3F3082"
dependencies = [
  { id = "Sui", name = "Sui" },
]

[[move.package]]
id = "MoveStdlib"
source = { git = "https://github.com/MystenLabs/sui.git", rev = "framework/testnet", subdir = "crates\\sui-framework\\packages\\move-stdlib" }

[[move.package]]
id = "Sui"
source = { git = "https://github.com/MystenLabs/sui.git", rev = "framework/testnet", subdir = "crates/sui-framework/packages/sui-framework" }

dependencies = [
  { id = "MoveStdlib", name = "MoveStdlib" },
]

[move.toolchain-version]
compiler-version = "1.40.0"
edition = "2024.beta"
flavor = "sui"

[env]

[env.testnet]
chain-id = "4c78adac"
original-published-id = "0x5bb152f394d38296e4d9799169e9902619acf5be5ac2dd64092e6a40270b6313"
latest-published-id = "0x5bb152f394d38296e4d9799169e9902619acf5be5ac2dd64092e6a40270b6313"
published-version = "1"
